{
  "pins" : [
    {
      "identity" : "cache",
      "kind" : "remoteSourceControl",
      "location" : "https://github.com/0xLeif/Cache",
      "state" : {
        "revision" : "a535c68aab7bf0b42bda7a5de66b04f86e48c6e6",
        "version" : "2.1.0"
      }
    },
    {
      "identity" : "datastore",
      "kind" : "remoteSourceControl",
      "location" : "https://github.com/0xLeif/DataStore",
      "state" : {
        "revision" : "838fd2ffa5bf634720df1afc1fac45132bf06db4",
        "version" : "0.3.0"
      }
    },
    {
      "identity" : "network",
      "kind" : "remoteSourceControl",
      "location" : "https://github.com/0xLeif/Network",
      "state" : {
        "revision" : "d27774bffccecdd0f62ab2ca481770758125bbab",
        "version" : "1.0.0"
      }
    }
  ],
  "version" : 2
}
